# requirements.lock — INFRA-04: pinned transitive dependency snapshot
# Generated: 2026-03-24  Python 3.14  pip freeze (clean orchestrator venv)
# Regenerate with (always use a FRESH throwaway venv):
#   python -m venv /tmp/fresh-venv
#   /tmp/fresh-venv/bin/pip install -e .[dev]
#   /tmp/fresh-venv/bin/pip freeze | grep -Ev '^(taxspine-orchestrator|-e )' > requirements.lock
#
# INFRA-04: This file IS used by the Dockerfile to pin production deps to exact
# versions, preventing Docker image builds from silently picking up a new upstream
# release between CI runs.
# IMPORTANT: Only install from a CLEAN venv. A polluted venv will add packages
# (huggingface_hub, weasyprint, etc.) that break Docker builds on Linux/Python 3.11.
# See docs/CI_BUILD_GOTCHAS.md §1 for the full list of forbidden packages.

annotated-doc==0.0.4
annotated-types==0.7.0
anyio==4.12.1
certifi==2026.2.25
click==8.3.1
colorama==0.4.6
fastapi==0.135.2
h11==0.16.0
httpcore==1.0.9
httptools==0.7.1
httpx==0.28.1
idna==3.11
iniconfig==2.3.0
packaging==26.0
pluggy==1.6.0
pydantic==2.12.5
pydantic-settings==2.13.1
pydantic_core==2.41.5
Pygments==2.19.2
pytest==9.0.2
python-dotenv==1.2.2
python-multipart==0.0.22
PyYAML==6.0.3
ruff==0.15.7
starlette==1.0.0
typing-inspection==0.4.2
typing_extensions==4.15.0
uvicorn==0.42.0
watchfiles==1.1.1
websockets==16.0
